# This file was autogenerated by Stack.
# You should not edit this file by hand.
# For more information, please see the documentation at:
#   https://docs.haskellstack.org/en/stable/lock_files

packages:
- completed:
    hackage: country-codes-0.1.4@sha256:c2aff9180f9049d97d3587160c99d6bd9df88e22dd3f4277f92e36050b467713,1653
    pantry-tree:
      size: 415
      sha256: dc96db6807eeb45183e716b9156c9043ee375ff17751f06eff4742a0af8b2b2b
  original:
    hackage: country-codes-0.1.4
- completed:
    hackage: dhall-1.39.0@sha256:869eb2a0a18bd10ba19c91cc381e71c1e05aab73fe6d30b8f207901111a61afa,35170
    pantry-tree:
      size: 310148
      sha256: c2783652f7679c2ca065a5e6d0beb808fab16c0654c92f50d1cfd73b94efd814
  original:
    hackage: dhall-1.39.0
- completed:
    hackage: tldr-0.9.1@sha256:f98f1622d31e1404de84d8fb3b1e5fdf907b6ae22745a125c1fcce4a7a661b3f,2265
    pantry-tree:
      size: 993
      sha256: 3c1124f23f1ef78b6b11b23e3deacb365295b6d74863b5322b48a9bd332c0268
  original:
    hackage: tldr-0.9.1
- completed:
    name: host-and-port
    version: 0.0.1.0
    git: https://github.com/trskop/host-and-port.git
    pantry-tree:
      size: 1441
      sha256: 82b0e7c5c53f46c27e01340d13613f503653ae7f5b7e4a7faa59106270ca400d
    commit: f0ac77ce78887dbce9a140cf39ea6af801dd2438
  original:
    git: https://github.com/trskop/host-and-port.git
    commit: f0ac77ce78887dbce9a140cf39ea6af801dd2438
- completed:
    name: mainplate
    version: 0.0.1.0
    git: https://github.com/trskop/mainplate.git
    pantry-tree:
      size: 2193
      sha256: 9b67304242400d5ea10b3418b944f367d593a555f4e2f3b0c04404eed9cb743d
    commit: 6ed414df4a5f649a2b773f12487de79792a9861c
  original:
    git: https://github.com/trskop/mainplate.git
    commit: 6ed414df4a5f649a2b773f12487de79792a9861c
snapshots:
- completed:
    size: 587113
    url: https://raw.githubusercontent.com/commercialhaskell/stackage-snapshots/master/lts/18/6.yaml
    sha256: f74c482d7c93739ecf3abfbc0f2dea1c20a2dfb2462c689846ed55a9653b66f7
  original:
    url: https://raw.githubusercontent.com/commercialhaskell/stackage-snapshots/master/lts/18/6.yaml
