# This file was autogenerated by Stack.
# You should not edit this file by hand.
# For more information, please see the documentation at:
#   https://docs.haskellstack.org/en/stable/lock_files

packages:
- completed:
    hackage: tldr-0.9.2@sha256:d9f6f7b0ee25c14afd40be7a1f883b6684a97a269701d7087c9ba7e733e571ed,2223
    pantry-tree:
      sha256: 90b7f1019d7f1424ff1939922ccf44df2c88b018a799d44107e9598aad2ec76b
      size: 1052
  original:
    hackage: tldr-0.9.2
- completed:
    hackage: cmark-0.6.1@sha256:79b1d093fafcbd65a2d3c7f0a74b8384dca3c983552042157ff82f432d27a7d6,3253
    pantry-tree:
      sha256: 1a3449ffdb31ccb7aac980348e76d2ec65532395a1695e69beefc375e12d0287
      size: 2580
  original:
    hackage: cmark-0.6.1
- completed:
    commit: 2e216dd7fc86d4c952291694af55f5d3632b79f6
    git: https://github.com/trskop/host-and-port.git
    name: host-and-port
    pantry-tree:
      sha256: 2ad5162c9baeb9e23005e8bc28676491eaa6be21c9d942e897316e57e78fbdb0
      size: 1533
    version: 0.0.2.0
  original:
    commit: 2e216dd7fc86d4c952291694af55f5d3632b79f6
    git: https://github.com/trskop/host-and-port.git
- completed:
    commit: 54e432e1b5b6266816e3591cfef7da6d498b99f4
    git: https://github.com/trskop/mainplate.git
    name: mainplate
    pantry-tree:
      sha256: 584d0048fdbfa2b66032cb8e5c5d67cf0f2be4550a5de163827340ef0b85e983
      size: 2118
    version: 0.0.1.0
  original:
    commit: 54e432e1b5b6266816e3591cfef7da6d498b99f4
    git: https://github.com/trskop/mainplate.git
snapshots:
- completed:
    sha256: a81fb3877c4f9031e1325eb3935122e608d80715dc16b586eb11ddbff8671ecd
    size: 640086
    url: https://raw.githubusercontent.com/commercialhaskell/stackage-snapshots/master/lts/21/25.yaml
  original:
    url: https://raw.githubusercontent.com/commercialhaskell/stackage-snapshots/master/lts/21/25.yaml
